
Microsoft Visual Studio Solution File, Format Version 12.00
# Visual Studio 2012
Project("{FAE04EC0-301F-11D3-BF4B-00C04F79EFBC}") = "SerializacionBin", "SerializacionBin\SerializacionBin.csproj", "{1797ECC3-7AD2-49EF-AEFE-67F2A2CC3C01}"
EndProject
Project("{FAE04EC0-301F-11D3-BF4B-00C04F79EFBC}") = "Test", "Test\Test.csproj", "{AD985389-0077-4445-858E-B87708C933DD}"
EndProject
Global
	GlobalSection(SolutionConfigurationPlatforms) = preSolution
		Debug|Any CPU = Debug|Any CPU
		Release|Any CPU = Release|Any CPU
	EndGlobalSection
	GlobalSection(ProjectConfigurationPlatforms) = postSolution
		{1797ECC3-7AD2-49EF-AEFE-67F2A2CC3C01}.Debug|Any CPU.ActiveCfg = Debug|Any CPU
		{1797ECC3-7AD2-49EF-AEFE-67F2A2CC3C01}.Debug|Any CPU.Build.0 = Debug|Any CPU
		{1797ECC3-7AD2-49EF-AEFE-67F2A2CC3C01}.Release|Any CPU.ActiveCfg = Release|Any CPU
		{1797ECC3-7AD2-49EF-AEFE-67F2A2CC3C01}.Release|Any CPU.Build.0 = Release|Any CPU
		{AD985389-0077-4445-858E-B87708C933DD}.Debug|Any CPU.ActiveCfg = Debug|Any CPU
		{AD985389-0077-4445-858E-B87708C933DD}.Debug|Any CPU.Build.0 = Debug|Any CPU
		{AD985389-0077-4445-858E-B87708C933DD}.Release|Any CPU.ActiveCfg = Release|Any CPU
		{AD985389-0077-4445-858E-B87708C933DD}.Release|Any CPU.Build.0 = Release|Any CPU
	EndGlobalSection
	GlobalSection(SolutionProperties) = preSolution
		HideSolutionNode = FALSE
	EndGlobalSection
EndGlobal
