
Microsoft Visual Studio Solution File, Format Version 12.00
# Visual Studio 2012
Project("{FAE04EC0-301F-11D3-BF4B-00C04F79EFBC}") = "ClaseNumero", "ClaseNumero\ClaseNumero.csproj", "{E18C5D09-0926-486A-8C9F-ED344EED8F70}"
EndProject
Project("{FAE04EC0-301F-11D3-BF4B-00C04F79EFBC}") = "Consola", "Consola\Consola.csproj", "{048D4DF2-1AFC-4F11-B810-88A62CE98699}"
EndProject
Global
	GlobalSection(SolutionConfigurationPlatforms) = preSolution
		Debug|Any CPU = Debug|Any CPU
		Release|Any CPU = Release|Any CPU
	EndGlobalSection
	GlobalSection(ProjectConfigurationPlatforms) = postSolution
		{E18C5D09-0926-486A-8C9F-ED344EED8F70}.Debug|Any CPU.ActiveCfg = Debug|Any CPU
		{E18C5D09-0926-486A-8C9F-ED344EED8F70}.Debug|Any CPU.Build.0 = Debug|Any CPU
		{E18C5D09-0926-486A-8C9F-ED344EED8F70}.Release|Any CPU.ActiveCfg = Release|Any CPU
		{E18C5D09-0926-486A-8C9F-ED344EED8F70}.Release|Any CPU.Build.0 = Release|Any CPU
		{048D4DF2-1AFC-4F11-B810-88A62CE98699}.Debug|Any CPU.ActiveCfg = Debug|Any CPU
		{048D4DF2-1AFC-4F11-B810-88A62CE98699}.Debug|Any CPU.Build.0 = Debug|Any CPU
		{048D4DF2-1AFC-4F11-B810-88A62CE98699}.Release|Any CPU.ActiveCfg = Release|Any CPU
		{048D4DF2-1AFC-4F11-B810-88A62CE98699}.Release|Any CPU.Build.0 = Release|Any CPU
	EndGlobalSection
	GlobalSection(SolutionProperties) = preSolution
		HideSolutionNode = FALSE
	EndGlobalSection
EndGlobal
