
Microsoft Visual Studio Solution File, Format Version 12.00
# Visual Studio 2012
Project("{FAE04EC0-301F-11D3-BF4B-00C04F79EFBC}") = "ConexionBaseDatos", "ConexionBaseDatos\ConexionBaseDatos.csproj", "{D9B9EADA-BAE6-4B45-AE7E-2C281659B203}"
EndProject
Project("{FAE04EC0-301F-11D3-BF4B-00C04F79EFBC}") = "Consola", "Consola\Consola.csproj", "{47EA5A85-1CE6-4E94-BB22-E5D6FD5E9C99}"
EndProject
Global
	GlobalSection(SolutionConfigurationPlatforms) = preSolution
		Debug|Any CPU = Debug|Any CPU
		Release|Any CPU = Release|Any CPU
	EndGlobalSection
	GlobalSection(ProjectConfigurationPlatforms) = postSolution
		{D9B9EADA-BAE6-4B45-AE7E-2C281659B203}.Debug|Any CPU.ActiveCfg = Debug|Any CPU
		{D9B9EADA-BAE6-4B45-AE7E-2C281659B203}.Debug|Any CPU.Build.0 = Debug|Any CPU
		{D9B9EADA-BAE6-4B45-AE7E-2C281659B203}.Release|Any CPU.ActiveCfg = Release|Any CPU
		{D9B9EADA-BAE6-4B45-AE7E-2C281659B203}.Release|Any CPU.Build.0 = Release|Any CPU
		{47EA5A85-1CE6-4E94-BB22-E5D6FD5E9C99}.Debug|Any CPU.ActiveCfg = Debug|Any CPU
		{47EA5A85-1CE6-4E94-BB22-E5D6FD5E9C99}.Debug|Any CPU.Build.0 = Debug|Any CPU
		{47EA5A85-1CE6-4E94-BB22-E5D6FD5E9C99}.Release|Any CPU.ActiveCfg = Release|Any CPU
		{47EA5A85-1CE6-4E94-BB22-E5D6FD5E9C99}.Release|Any CPU.Build.0 = Release|Any CPU
	EndGlobalSection
	GlobalSection(SolutionProperties) = preSolution
		HideSolutionNode = FALSE
	EndGlobalSection
EndGlobal
