
Microsoft Visual Studio Solution File, Format Version 12.00
# Visual Studio 2012
Project("{FAE04EC0-301F-11D3-BF4B-00C04F79EFBC}") = "LIbrerias", "LIbrerias\LIbrerias.csproj", "{3C568546-CFD5-45C7-BE52-65DA6446C520}"
EndProject
Project("{FAE04EC0-301F-11D3-BF4B-00C04F79EFBC}") = "Test", "Test\Test.csproj", "{AB878B27-E644-4F2B-AF9D-37ED4B2D7983}"
EndProject
Global
	GlobalSection(SolutionConfigurationPlatforms) = preSolution
		Debug|Any CPU = Debug|Any CPU
		Release|Any CPU = Release|Any CPU
	EndGlobalSection
	GlobalSection(ProjectConfigurationPlatforms) = postSolution
		{3C568546-CFD5-45C7-BE52-65DA6446C520}.Debug|Any CPU.ActiveCfg = Debug|Any CPU
		{3C568546-CFD5-45C7-BE52-65DA6446C520}.Debug|Any CPU.Build.0 = Debug|Any CPU
		{3C568546-CFD5-45C7-BE52-65DA6446C520}.Release|Any CPU.ActiveCfg = Release|Any CPU
		{3C568546-CFD5-45C7-BE52-65DA6446C520}.Release|Any CPU.Build.0 = Release|Any CPU
		{AB878B27-E644-4F2B-AF9D-37ED4B2D7983}.Debug|Any CPU.ActiveCfg = Debug|Any CPU
		{AB878B27-E644-4F2B-AF9D-37ED4B2D7983}.Debug|Any CPU.Build.0 = Debug|Any CPU
		{AB878B27-E644-4F2B-AF9D-37ED4B2D7983}.Release|Any CPU.ActiveCfg = Release|Any CPU
		{AB878B27-E644-4F2B-AF9D-37ED4B2D7983}.Release|Any CPU.Build.0 = Release|Any CPU
	EndGlobalSection
	GlobalSection(SolutionProperties) = preSolution
		HideSolutionNode = FALSE
	EndGlobalSection
EndGlobal
